// !$*UTF8*$!
{
	archiveVersion = 1;
	classes = {
	};
	objectVersion = 50;
	objects = {

/* Begin PBXBuildFile section */
		67F2A12B2373E4D700D39BD4 /* AppDelegate.m in Sources */ = {isa = PBXBuildFile; fileRef = 67F2A12A2373E4D700D39BD4 /* AppDelegate.m */; };
		67F2A12E2373E4D700D39BD4 /* SceneDelegate.m in Sources */ = {isa = PBXBuildFile; fileRef = 67F2A12D2373E4D700D39BD4 /* SceneDelegate.m */; };
		67F2A1312373E4D700D39BD4 /* ViewController.m in Sources */ = {isa = PBXBuildFile; fileRef = 67F2A1302373E4D700D39BD4 /* ViewController.m */; };
		67F2A1342373E4D700D39BD4 /* Main.storyboard in Resources */ = {isa = PBXBuildFile; fileRef = 67F2A1322373E4D700D39BD4 /* Main.storyboard */; };
		67F2A1362373E4D900D39BD4 /* Assets.xcassets in Resources */ = {isa = PBXBuildFile; fileRef = 67F2A1352373E4D900D39BD4 /* Assets.xcassets */; };
		67F2A1392373E4D900D39BD4 /* LaunchScreen.storyboard in Resources */ = {isa = PBXBuildFile; fileRef = 67F2A1372373E4D900D39BD4 /* LaunchScreen.storyboard */; };
		67F2A13C2373E4D900D39BD4 /* main.m in Sources */ = {isa = PBXBuildFile; fileRef = 67F2A13B2373E4D900D39BD4 /* main.m */; };
		67F2A1462373E4D900D39BD4 /* MyFMDBDemoTests.m in Sources */ = {isa = PBXBuildFile; fileRef = 67F2A1452373E4D900D39BD4 /* MyFMDBDemoTests.m */; };
		67F2A1512373E4D900D39BD4 /* MyFMDBDemoUITests.m in Sources */ = {isa = PBXBuildFile; fileRef = 67F2A1502373E4D900D39BD4 /* MyFMDBDemoUITests.m */; };
		67F2A1622373EB8100D39BD4 /* CZFFMDBExecute.m in Sources */ = {isa = PBXBuildFile; fileRef = 67F2A1612373EB8100D39BD4 /* CZFFMDBExecute.m */; };
		67F2A1662373ECF000D39BD4 /* User.m in Sources */ = {isa = PBXBuildFile; fileRef = 67F2A1652373ECF000D39BD4 /* User.m */; };
		81DB80F150C77174509A25EF /* libPods-MyFMDBDemoUITests.a in Frameworks */ = {isa = PBXBuildFile; fileRef = F2DFD89900465CEB8CE6E074 /* libPods-MyFMDBDemoUITests.a */; };
		85DAE9068DAC3B8D0EC9328D /* libPods-MyFMDBDemo.a in Frameworks */ = {isa = PBXBuildFile; fileRef = 0349BEA814B2ADDEA5A8F80F /* libPods-MyFMDBDemo.a */; };
		F5168618AE77D5CCAA282090 /* libPods-MyFMDBDemoTests.a in Frameworks */ = {isa = PBXBuildFile; fileRef = C4DBC221508F9276262DDD8C /* libPods-MyFMDBDemoTests.a */; };
/* End PBXBuildFile section */

/* Begin PBXContainerItemProxy section */
		67F2A1422373E4D900D39BD4 /* PBXContainerItemProxy */ = {
			isa = PBXContainerItemProxy;
			containerPortal = 67F2A11E2373E4D700D39BD4 /* Project object */;
			proxyType = 1;
			remoteGlobalIDString = 67F2A1252373E4D700D39BD4;
			remoteInfo = MyFMDBDemo;
		};
		67F2A14D2373E4D900D39BD4 /* PBXContainerItemProxy */ = {
			isa = PBXContainerItemProxy;
			containerPortal = 67F2A11E2373E4D700D39BD4 /* Project object */;
			proxyType = 1;
			remoteGlobalIDString = 67F2A1252373E4D700D39BD4;
			remoteInfo = MyFMDBDemo;
		};
/* End PBXContainerItemProxy section */

/* Begin PBXFileReference section */
		0349BEA814B2ADDEA5A8F80F /* libPods-MyFMDBDemo.a */ = {isa = PBXFileReference; explicitFileType = archive.ar; includeInIndex = 0; path = "libPods-MyFMDBDemo.a"; sourceTree = BUILT_PRODUCTS_DIR; };
		34C9A9D354407366AE223A2D /* Pods-MyFMDBDemoTests.debug.xcconfig */ = {isa = PBXFileReference; includeInIndex = 1; lastKnownFileType = text.xcconfig; name = "Pods-MyFMDBDemoTests.debug.xcconfig"; path = "Target Support Files/Pods-MyFMDBDemoTests/Pods-MyFMDBDemoTests.debug.xcconfig"; sourceTree = "<group>"; };
		61CCE60754882240376D4138 /* Pods-MyFMDBDemo.release.xcconfig */ = {isa = PBXFileReference; includeInIndex = 1; lastKnownFileType = text.xcconfig; name = "Pods-MyFMDBDemo.release.xcconfig"; path = "Target Support Files/Pods-MyFMDBDemo/Pods-MyFMDBDemo.release.xcconfig"; sourceTree = "<group>"; };
		67F2A1262373E4D700D39BD4 /* MyFMDBDemo.app */ = {isa = PBXFileReference; explicitFileType = wrapper.application; includeInIndex = 0; path = MyFMDBDemo.app; sourceTree = BUILT_PRODUCTS_DIR; };
		67F2A1292373E4D700D39BD4 /* AppDelegate.h */ = {isa = PBXFileReference; lastKnownFileType = sourcecode.c.h; path = AppDelegate.h; sourceTree = "<group>"; };
		67F2A12A2373E4D700D39BD4 /* AppDelegate.m */ = {isa = PBXFileReference; lastKnownFileType = sourcecode.c.objc; path = AppDelegate.m; sourceTree = "<group>"; };
		67F2A12C2373E4D700D39BD4 /* SceneDelegate.h */ = {isa = PBXFileReference; lastKnownFileType = sourcecode.c.h; path = SceneDelegate.h; sourceTree = "<group>"; };
		67F2A12D2373E4D700D39BD4 /* SceneDelegate.m */ = {isa = PBXFileReference; lastKnownFileType = sourcecode.c.objc; path = SceneDelegate.m; sourceTree = "<group>"; };
		67F2A12F2373E4D700D39BD4 /* ViewController.h */ = {isa = PBXFileReference; lastKnownFileType = sourcecode.c.h; path = ViewController.h; sourceTree = "<group>"; };
		67F2A1302373E4D700D39BD4 /* ViewController.m */ = {isa = PBXFileReference; lastKnownFileType = sourcecode.c.objc; path = ViewController.m; sourceTree = "<group>"; };
		67F2A1332373E4D700D39BD4 /* Base */ = {isa = PBXFileReference; lastKnownFileType = file.storyboard; name = Base; path = Base.lproj/Main.storyboard; sourceTree = "<group>"; };
		67F2A1352373E4D900D39BD4 /* Assets.xcassets */ = {isa = PBXFileReference; lastKnownFileType = folder.assetcatalog; path = Assets.xcassets; sourceTree = "<group>"; };
		67F2A1382373E4D900D39BD4 /* Base */ = {isa = PBXFileReference; lastKnownFileType = file.storyboard; name = Base; path = Base.lproj/LaunchScreen.storyboard; sourceTree = "<group>"; };
		67F2A13A2373E4D900D39BD4 /* Info.plist */ = {isa = PBXFileReference; lastKnownFileType = text.plist.xml; path = Info.plist; sourceTree = "<group>"; };
		67F2A13B2373E4D900D39BD4 /* main.m */ = {isa = PBXFileReference; lastKnownFileType = sourcecode.c.objc; path = main.m; sourceTree = "<group>"; };
		67F2A1412373E4D900D39BD4 /* MyFMDBDemoTests.xctest */ = {isa = PBXFileReference; explicitFileType = wrapper.cfbundle; includeInIndex = 0; path = MyFMDBDemoTests.xctest; sourceTree = BUILT_PRODUCTS_DIR; };
		67F2A1452373E4D900D39BD4 /* MyFMDBDemoTests.m */ = {isa = PBXFileReference; lastKnownFileType = sourcecode.c.objc; path = MyFMDBDemoTests.m; sourceTree = "<group>"; };
		67F2A1472373E4D900D39BD4 /* Info.plist */ = {isa = PBXFileReference; lastKnownFileType = text.plist.xml; path = Info.plist; sourceTree = "<group>"; };
		67F2A14C2373E4D900D39BD4 /* MyFMDBDemoUITests.xctest */ = {isa = PBXFileReference; explicitFileType = wrapper.cfbundle; includeInIndex = 0; path = MyFMDBDemoUITests.xctest; sourceTree = BUILT_PRODUCTS_DIR; };
		67F2A1502373E4D900D39BD4 /* MyFMDBDemoUITests.m */ = {isa = PBXFileReference; lastKnownFileType = sourcecode.c.objc; path = MyFMDBDemoUITests.m; sourceTree = "<group>"; };
		67F2A1522373E4D900D39BD4 /* Info.plist */ = {isa = PBXFileReference; lastKnownFileType = text.plist.xml; path = Info.plist; sourceTree = "<group>"; };
		67F2A15E2373E62B00D39BD4 /* MyFMDBDemo_PrefixHeader.pch */ = {isa = PBXFileReference; lastKnownFileType = sourcecode.c.h; path = MyFMDBDemo_PrefixHeader.pch; sourceTree = "<group>"; };
		67F2A1602373EB8100D39BD4 /* CZFFMDBExecute.h */ = {isa = PBXFileReference; lastKnownFileType = sourcecode.c.h; path = CZFFMDBExecute.h; sourceTree = "<group>"; };
		67F2A1612373EB8100D39BD4 /* CZFFMDBExecute.m */ = {isa = PBXFileReference; lastKnownFileType = sourcecode.c.objc; path = CZFFMDBExecute.m; sourceTree = "<group>"; };
		67F2A1642373ECF000D39BD4 /* User.h */ = {isa = PBXFileReference; lastKnownFileType = sourcecode.c.h; path = User.h; sourceTree = "<group>"; };
		67F2A1652373ECF000D39BD4 /* User.m */ = {isa = PBXFileReference; lastKnownFileType = sourcecode.c.objc; path = User.m; sourceTree = "<group>"; };
		A31A69D62AFC1BC82C23250F /* Pods-MyFMDBDemoTests.release.xcconfig */ = {isa = PBXFileReference; includeInIndex = 1; lastKnownFileType = text.xcconfig; name = "Pods-MyFMDBDemoTests.release.xcconfig"; path = "Target Support Files/Pods-MyFMDBDemoTests/Pods-MyFMDBDemoTests.release.xcconfig"; sourceTree = "<group>"; };
		B321D6F84C9E9CD80C92B494 /* Pods-MyFMDBDemoUITests.release.xcconfig */ = {isa = PBXFileReference; includeInIndex = 1; lastKnownFileType = text.xcconfig; name = "Pods-MyFMDBDemoUITests.release.xcconfig"; path = "Target Support Files/Pods-MyFMDBDemoUITests/Pods-MyFMDBDemoUITests.release.xcconfig"; sourceTree = "<group>"; };
		B63DB2A6C347AA7EFB322214 /* Pods-MyFMDBDemo.debug.xcconfig */ = {isa = PBXFileReference; includeInIndex = 1; lastKnownFileType = text.xcconfig; name = "Pods-MyFMDBDemo.debug.xcconfig"; path = "Target Support Files/Pods-MyFMDBDemo/Pods-MyFMDBDemo.debug.xcconfig"; sourceTree = "<group>"; };
		C1346BF5FF8D3BD730934D8A /* Pods-MyFMDBDemoUITests.debug.xcconfig */ = {isa = PBXFileReference; includeInIndex = 1; lastKnownFileType = text.xcconfig; name = "Pods-MyFMDBDemoUITests.debug.xcconfig"; path = "Target Support Files/Pods-MyFMDBDemoUITests/Pods-MyFMDBDemoUITests.debug.xcconfig"; sourceTree = "<group>"; };
		C4DBC221508F9276262DDD8C /* libPods-MyFMDBDemoTests.a */ = {isa = PBXFileReference; explicitFileType = archive.ar; includeInIndex = 0; path = "libPods-MyFMDBDemoTests.a"; sourceTree = BUILT_PRODUCTS_DIR; };
		F2DFD89900465CEB8CE6E074 /* libPods-MyFMDBDemoUITests.a */ = {isa = PBXFileReference; explicitFileType = archive.ar; includeInIndex = 0; path = "libPods-MyFMDBDemoUITests.a"; sourceTree = BUILT_PRODUCTS_DIR; };
/* End PBXFileReference section */

/* Begin PBXFrameworksBuildPhase section */
		67F2A1232373E4D700D39BD4 /* Frameworks */ = {
			isa = PBXFrameworksBuildPhase;
			buildActionMask = 2147483647;
			files = (
				85DAE9068DAC3B8D0EC9328D /* libPods-MyFMDBDemo.a in Frameworks */,
			);
			runOnlyForDeploymentPostprocessing = 0;
		};
		67F2A13E2373E4D900D39BD4 /* Frameworks */ = {
			isa = PBXFrameworksBuildPhase;
			buildActionMask = 2147483647;
			files = (
				F5168618AE77D5CCAA282090 /* libPods-MyFMDBDemoTests.a in Frameworks */,
			);
			runOnlyForDeploymentPostprocessing = 0;
		};
		67F2A1492373E4D900D39BD4 /* Frameworks */ = {
			isa = PBXFrameworksBuildPhase;
			buildActionMask = 2147483647;
			files = (
				81DB80F150C77174509A25EF /* libPods-MyFMDBDemoUITests.a in Frameworks */,
			);
			runOnlyForDeploymentPostprocessing = 0;
		};
/* End PBXFrameworksBuildPhase section */

/* Begin PBXGroup section */
		574EB9ADFE874FA55209240A /* Frameworks */ = {
			isa = PBXGroup;
			children = (
				0349BEA814B2ADDEA5A8F80F /* libPods-MyFMDBDemo.a */,
				C4DBC221508F9276262DDD8C /* libPods-MyFMDBDemoTests.a */,
				F2DFD89900465CEB8CE6E074 /* libPods-MyFMDBDemoUITests.a */,
			);
			name = Frameworks;
			sourceTree = "<group>";
		};
		67F2A11D2373E4D700D39BD4 = {
			isa = PBXGroup;
			children = (
				67F2A1282373E4D700D39BD4 /* MyFMDBDemo */,
				67F2A1442373E4D900D39BD4 /* MyFMDBDemoTests */,
				67F2A14F2373E4D900D39BD4 /* MyFMDBDemoUITests */,
				67F2A1272373E4D700D39BD4 /* Products */,
				FA49A592D8152D6B129510F4 /* Pods */,
				574EB9ADFE874FA55209240A /* Frameworks */,
			);
			sourceTree = "<group>";
		};
		67F2A1272373E4D700D39BD4 /* Products */ = {
			isa = PBXGroup;
			children = (
				67F2A1262373E4D700D39BD4 /* MyFMDBDemo.app */,
				67F2A1412373E4D900D39BD4 /* MyFMDBDemoTests.xctest */,
				67F2A14C2373E4D900D39BD4 /* MyFMDBDemoUITests.xctest */,
			);
			name = Products;
			sourceTree = "<group>";
		};
		67F2A1282373E4D700D39BD4 /* MyFMDBDemo */ = {
			isa = PBXGroup;
			children = (
				67F2A1632373ECE300D39BD4 /* model */,
				67F2A15F2373EB4400D39BD4 /* CZFFMDBExecute */,
				67F2A1292373E4D700D39BD4 /* AppDelegate.h */,
				67F2A12A2373E4D700D39BD4 /* AppDelegate.m */,
				67F2A12C2373E4D700D39BD4 /* SceneDelegate.h */,
				67F2A12D2373E4D700D39BD4 /* SceneDelegate.m */,
				67F2A12F2373E4D700D39BD4 /* ViewController.h */,
				67F2A1302373E4D700D39BD4 /* ViewController.m */,
				67F2A1322373E4D700D39BD4 /* Main.storyboard */,
				67F2A1352373E4D900D39BD4 /* Assets.xcassets */,
				67F2A1372373E4D900D39BD4 /* LaunchScreen.storyboard */,
				67F2A13A2373E4D900D39BD4 /* Info.plist */,
				67F2A13B2373E4D900D39BD4 /* main.m */,
				67F2A15E2373E62B00D39BD4 /* MyFMDBDemo_PrefixHeader.pch */,
			);
			path = MyFMDBDemo;
			sourceTree = "<group>";
		};
		67F2A1442373E4D900D39BD4 /* MyFMDBDemoTests */ = {
			isa = PBXGroup;
			children = (
				67F2A1452373E4D900D39BD4 /* MyFMDBDemoTests.m */,
				67F2A1472373E4D900D39BD4 /* Info.plist */,
			);
			path = MyFMDBDemoTests;
			sourceTree = "<group>";
		};
		67F2A14F2373E4D900D39BD4 /* MyFMDBDemoUITests */ = {
			isa = PBXGroup;
			children = (
				67F2A1502373E4D900D39BD4 /* MyFMDBDemoUITests.m */,
				67F2A1522373E4D900D39BD4 /* Info.plist */,
			);
			path = MyFMDBDemoUITests;
			sourceTree = "<group>";
		};
		67F2A15F2373EB4400D39BD4 /* CZFFMDBExecute */ = {
			isa = PBXGroup;
			children = (
				67F2A1602373EB8100D39BD4 /* CZFFMDBExecute.h */,
				67F2A1612373EB8100D39BD4 /* CZFFMDBExecute.m */,
			);
			name = CZFFMDBExecute;
			sourceTree = "<group>";
		};
		67F2A1632373ECE300D39BD4 /* model */ = {
			isa = PBXGroup;
			children = (
				67F2A1642373ECF000D39BD4 /* User.h */,
				67F2A1652373ECF000D39BD4 /* User.m */,
			);
			name = model;
			sourceTree = "<group>";
		};
		FA49A592D8152D6B129510F4 /* Pods */ = {
			isa = PBXGroup;
			children = (
				B63DB2A6C347AA7EFB322214 /* Pods-MyFMDBDemo.debug.xcconfig */,
				61CCE60754882240376D4138 /* Pods-MyFMDBDemo.release.xcconfig */,
				34C9A9D354407366AE223A2D /* Pods-MyFMDBDemoTests.debug.xcconfig */,
				A31A69D62AFC1BC82C23250F /* Pods-MyFMDBDemoTests.release.xcconfig */,
				C1346BF5FF8D3BD730934D8A /* Pods-MyFMDBDemoUITests.debug.xcconfig */,
				B321D6F84C9E9CD80C92B494 /* Pods-MyFMDBDemoUITests.release.xcconfig */,
			);
			path = Pods;
			sourceTree = "<group>";
		};
/* End PBXGroup section */

/* Begin PBXNativeTarget section */
		67F2A1252373E4D700D39BD4 /* MyFMDBDemo */ = {
			isa = PBXNativeTarget;
			buildConfigurationList = 67F2A1552373E4D900D39BD4 /* Build configuration list for PBXNativeTarget "MyFMDBDemo" */;
			buildPhases = (
				15C3B690A79684DA1F5CA29D /* [CP] Check Pods Manifest.lock */,
				67F2A1222373E4D700D39BD4 /* Sources */,
				67F2A1232373E4D700D39BD4 /* Frameworks */,
				67F2A1242373E4D700D39BD4 /* Resources */,
			);
			buildRules = (
			);
			dependencies = (
			);
			name = MyFMDBDemo;
			productName = MyFMDBDemo;
			productReference = 67F2A1262373E4D700D39BD4 /* MyFMDBDemo.app */;
			productType = "com.apple.product-type.application";
		};
		67F2A1402373E4D900D39BD4 /* MyFMDBDemoTests */ = {
			isa = PBXNativeTarget;
			buildConfigurationList = 67F2A1582373E4D900D39BD4 /* Build configuration list for PBXNativeTarget "MyFMDBDemoTests" */;
			buildPhases = (
				232F5290457253BB8998AD79 /* [CP] Check Pods Manifest.lock */,
				67F2A13D2373E4D900D39BD4 /* Sources */,
				67F2A13E2373E4D900D39BD4 /* Frameworks */,
				67F2A13F2373E4D900D39BD4 /* Resources */,
			);
			buildRules = (
			);
			dependencies = (
				67F2A1432373E4D900D39BD4 /* PBXTargetDependency */,
			);
			name = MyFMDBDemoTests;
			productName = MyFMDBDemoTests;
			productReference = 67F2A1412373E4D900D39BD4 /* MyFMDBDemoTests.xctest */;
			productType = "com.apple.product-type.bundle.unit-test";
		};
		67F2A14B2373E4D900D39BD4 /* MyFMDBDemoUITests */ = {
			isa = PBXNativeTarget;
			buildConfigurationList = 67F2A15B2373E4D900D39BD4 /* Build configuration list for PBXNativeTarget "MyFMDBDemoUITests" */;
			buildPhases = (
				4C31005B2F3A3833B7B5EDEF /* [CP] Check Pods Manifest.lock */,
				67F2A1482373E4D900D39BD4 /* Sources */,
				67F2A1492373E4D900D39BD4 /* Frameworks */,
				67F2A14A2373E4D900D39BD4 /* Resources */,
			);
			buildRules = (
			);
			dependencies = (
				67F2A14E2373E4D900D39BD4 /* PBXTargetDependency */,
			);
			name = MyFMDBDemoUITests;
			productName = MyFMDBDemoUITests;
			productReference = 67F2A14C2373E4D900D39BD4 /* MyFMDBDemoUITests.xctest */;
			productType = "com.apple.product-type.bundle.ui-testing";
		};
/* End PBXNativeTarget section */

/* Begin PBXProject section */
		67F2A11E2373E4D700D39BD4 /* Project object */ = {
			isa = PBXProject;
			attributes = {
				LastUpgradeCheck = 1120;
				ORGANIZATIONNAME = "陈帆";
				TargetAttributes = {
					67F2A1252373E4D700D39BD4 = {
						CreatedOnToolsVersion = 11.2;
					};
					67F2A1402373E4D900D39BD4 = {
						CreatedOnToolsVersion = 11.2;
						TestTargetID = 67F2A1252373E4D700D39BD4;
					};
					67F2A14B2373E4D900D39BD4 = {
						CreatedOnToolsVersion = 11.2;
						TestTargetID = 67F2A1252373E4D700D39BD4;
					};
				};
			};
			buildConfigurationList = 67F2A1212373E4D700D39BD4 /* Build configuration list for PBXProject "MyFMDBDemo" */;
			compatibilityVersion = "Xcode 9.3";
			developmentRegion = en;
			hasScannedForEncodings = 0;
			knownRegions = (
				en,
				Base,
			);
			mainGroup = 67F2A11D2373E4D700D39BD4;
			productRefGroup = 67F2A1272373E4D700D39BD4 /* Products */;
			projectDirPath = "";
			projectRoot = "";
			targets = (
				67F2A1252373E4D700D39BD4 /* MyFMDBDemo */,
				67F2A1402373E4D900D39BD4 /* MyFMDBDemoTests */,
				67F2A14B2373E4D900D39BD4 /* MyFMDBDemoUITests */,
			);
		};
/* End PBXProject section */

/* Begin PBXResourcesBuildPhase section */
		67F2A1242373E4D700D39BD4 /* Resources */ = {
			isa = PBXResourcesBuildPhase;
			buildActionMask = 2147483647;
			files = (
				67F2A1392373E4D900D39BD4 /* LaunchScreen.storyboard in Resources */,
				67F2A1362373E4D900D39BD4 /* Assets.xcassets in Resources */,
				67F2A1342373E4D700D39BD4 /* Main.storyboard in Resources */,
			);
			runOnlyForDeploymentPostprocessing = 0;
		};
		67F2A13F2373E4D900D39BD4 /* Resources */ = {
			isa = PBXResourcesBuildPhase;
			buildActionMask = 2147483647;
			files = (
			);
			runOnlyForDeploymentPostprocessing = 0;
		};
		67F2A14A2373E4D900D39BD4 /* Resources */ = {
			isa = PBXResourcesBuildPhase;
			buildActionMask = 2147483647;
			files = (
			);
			runOnlyForDeploymentPostprocessing = 0;
		};
/* End PBXResourcesBuildPhase section */

/* Begin PBXShellScriptBuildPhase section */
		15C3B690A79684DA1F5CA29D /* [CP] Check Pods Manifest.lock */ = {
			isa = PBXShellScriptBuildPhase;
			buildActionMask = 2147483647;
			files = (
			);
			inputFileListPaths = (
			);
			inputPaths = (
				"${PODS_PODFILE_DIR_PATH}/Podfile.lock",
				"${PODS_ROOT}/Manifest.lock",
			);
			name = "[CP] Check Pods Manifest.lock";
			outputFileListPaths = (
			);
			outputPaths = (
				"$(DERIVED_FILE_DIR)/Pods-MyFMDBDemo-checkManifestLockResult.txt",
			);
			runOnlyForDeploymentPostprocessing = 0;
			shellPath = /bin/sh;
			shellScript = "diff \"${PODS_PODFILE_DIR_PATH}/Podfile.lock\" \"${PODS_ROOT}/Manifest.lock\" > /dev/null\nif [ $? != 0 ] ; then\n    # print error to STDERR\n    echo \"error: The sandbox is not in sync with the Podfile.lock. Run 'pod install' or update your CocoaPods installation.\" >&2\n    exit 1\nfi\n# This output is used by Xcode 'outputs' to avoid re-running this script phase.\necho \"SUCCESS\" > \"${SCRIPT_OUTPUT_FILE_0}\"\n";
			showEnvVarsInLog = 0;
		};
		232F5290457253BB8998AD79 /* [CP] Check Pods Manifest.lock */ = {
			isa = PBXShellScriptBuildPhase;
			buildActionMask = 2147483647;
			files = (
			);
			inputFileListPaths = (
			);
			inputPaths = (
				"${PODS_PODFILE_DIR_PATH}/Podfile.lock",
				"${PODS_ROOT}/Manifest.lock",
			);
			name = "[CP] Check Pods Manifest.lock";
			outputFileListPaths = (
			);
			outputPaths = (
				"$(DERIVED_FILE_DIR)/Pods-MyFMDBDemoTests-checkManifestLockResult.txt",
			);
			runOnlyForDeploymentPostprocessing = 0;
			shellPath = /bin/sh;
			shellScript = "diff \"${PODS_PODFILE_DIR_PATH}/Podfile.lock\" \"${PODS_ROOT}/Manifest.lock\" > /dev/null\nif [ $? != 0 ] ; then\n    # print error to STDERR\n    echo \"error: The sandbox is not in sync with the Podfile.lock. Run 'pod install' or update your CocoaPods installation.\" >&2\n    exit 1\nfi\n# This output is used by Xcode 'outputs' to avoid re-running this script phase.\necho \"SUCCESS\" > \"${SCRIPT_OUTPUT_FILE_0}\"\n";
			showEnvVarsInLog = 0;
		};
		4C31005B2F3A3833B7B5EDEF /* [CP] Check Pods Manifest.lock */ = {
			isa = PBXShellScriptBuildPhase;
			buildActionMask = 2147483647;
			files = (
			);
			inputFileListPaths = (
			);
			inputPaths = (
				"${PODS_PODFILE_DIR_PATH}/Podfile.lock",
				"${PODS_ROOT}/Manifest.lock",
			);
			name = "[CP] Check Pods Manifest.lock";
			outputFileListPaths = (
			);
			outputPaths = (
				"$(DERIVED_FILE_DIR)/Pods-MyFMDBDemoUITests-checkManifestLockResult.txt",
			);
			runOnlyForDeploymentPostprocessing = 0;
			shellPath = /bin/sh;
			shellScript = "diff \"${PODS_PODFILE_DIR_PATH}/Podfile.lock\" \"${PODS_ROOT}/Manifest.lock\" > /dev/null\nif [ $? != 0 ] ; then\n    # print error to STDERR\n    echo \"error: The sandbox is not in sync with the Podfile.lock. Run 'pod install' or update your CocoaPods installation.\" >&2\n    exit 1\nfi\n# This output is used by Xcode 'outputs' to avoid re-running this script phase.\necho \"SUCCESS\" > \"${SCRIPT_OUTPUT_FILE_0}\"\n";
			showEnvVarsInLog = 0;
		};
/* End PBXShellScriptBuildPhase section */

/* Begin PBXSourcesBuildPhase section */
		67F2A1222373E4D700D39BD4 /* Sources */ = {
			isa = PBXSourcesBuildPhase;
			buildActionMask = 2147483647;
			files = (
				67F2A1622373EB8100D39BD4 /* CZFFMDBExecute.m in Sources */,
				67F2A1312373E4D700D39BD4 /* ViewController.m in Sources */,
				67F2A1662373ECF000D39BD4 /* User.m in Sources */,
				67F2A12B2373E4D700D39BD4 /* AppDelegate.m in Sources */,
				67F2A13C2373E4D900D39BD4 /* main.m in Sources */,
				67F2A12E2373E4D700D39BD4 /* SceneDelegate.m in Sources */,
			);
			runOnlyForDeploymentPostprocessing = 0;
		};
		67F2A13D2373E4D900D39BD4 /* Sources */ = {
			isa = PBXSourcesBuildPhase;
			buildActionMask = 2147483647;
			files = (
				67F2A1462373E4D900D39BD4 /* MyFMDBDemoTests.m in Sources */,
			);
			runOnlyForDeploymentPostprocessing = 0;
		};
		67F2A1482373E4D900D39BD4 /* Sources */ = {
			isa = PBXSourcesBuildPhase;
			buildActionMask = 2147483647;
			files = (
				67F2A1512373E4D900D39BD4 /* MyFMDBDemoUITests.m in Sources */,
			);
			runOnlyForDeploymentPostprocessing = 0;
		};
/* End PBXSourcesBuildPhase section */

/* Begin PBXTargetDependency section */
		67F2A1432373E4D900D39BD4 /* PBXTargetDependency */ = {
			isa = PBXTargetDependency;
			target = 67F2A1252373E4D700D39BD4 /* MyFMDBDemo */;
			targetProxy = 67F2A1422373E4D900D39BD4 /* PBXContainerItemProxy */;
		};
		67F2A14E2373E4D900D39BD4 /* PBXTargetDependency */ = {
			isa = PBXTargetDependency;
			target = 67F2A1252373E4D700D39BD4 /* MyFMDBDemo */;
			targetProxy = 67F2A14D2373E4D900D39BD4 /* PBXContainerItemProxy */;
		};
/* End PBXTargetDependency section */

/* Begin PBXVariantGroup section */
		67F2A1322373E4D700D39BD4 /* Main.storyboard */ = {
			isa = PBXVariantGroup;
			children = (
				67F2A1332373E4D700D39BD4 /* Base */,
			);
			name = Main.storyboard;
			sourceTree = "<group>";
		};
		67F2A1372373E4D900D39BD4 /* LaunchScreen.storyboard */ = {
			isa = PBXVariantGroup;
			children = (
				67F2A1382373E4D900D39BD4 /* Base */,
			);
			name = LaunchScreen.storyboard;
			sourceTree = "<group>";
		};
/* End PBXVariantGroup section */

/* Begin XCBuildConfiguration section */
		67F2A1532373E4D900D39BD4 /* Debug */ = {
			isa = XCBuildConfiguration;
			buildSettings = {
				ALWAYS_SEARCH_USER_PATHS = NO;
				CLANG_ANALYZER_NONNULL = YES;
				CLANG_ANALYZER_NUMBER_OBJECT_CONVERSION = YES_AGGRESSIVE;
				CLANG_CXX_LANGUAGE_STANDARD = "gnu++14";
				CLANG_CXX_LIBRARY = "libc++";
				CLANG_ENABLE_MODULES = YES;
				CLANG_ENABLE_OBJC_ARC = YES;
				CLANG_ENABLE_OBJC_WEAK = YES;
				CLANG_WARN_BLOCK_CAPTURE_AUTORELEASING = YES;
				CLANG_WARN_BOOL_CONVERSION = YES;
				CLANG_WARN_COMMA = YES;
				CLANG_WARN_CONSTANT_CONVERSION = YES;
				CLANG_WARN_DEPRECATED_OBJC_IMPLEMENTATIONS = YES;
				CLANG_WARN_DIRECT_OBJC_ISA_USAGE = YES_ERROR;
				CLANG_WARN_DOCUMENTATION_COMMENTS = YES;
				CLANG_WARN_EMPTY_BODY = YES;
				CLANG_WARN_ENUM_CONVERSION = YES;
				CLANG_WARN_INFINITE_RECURSION = YES;
				CLANG_WARN_INT_CONVERSION = YES;
				CLANG_WARN_NON_LITERAL_NULL_CONVERSION = YES;
				CLANG_WARN_OBJC_IMPLICIT_RETAIN_SELF = YES;
				CLANG_WARN_OBJC_LITERAL_CONVERSION = YES;
				CLANG_WARN_OBJC_ROOT_CLASS = YES_ERROR;
				CLANG_WARN_RANGE_LOOP_ANALYSIS = YES;
				CLANG_WARN_STRICT_PROTOTYPES = YES;
				CLANG_WARN_SUSPICIOUS_MOVE = YES;
				CLANG_WARN_UNGUARDED_AVAILABILITY = YES_AGGRESSIVE;
				CLANG_WARN_UNREACHABLE_CODE = YES;
				CLANG_WARN__DUPLICATE_METHOD_MATCH = YES;
				COPY_PHASE_STRIP = NO;
				DEBUG_INFORMATION_FORMAT = dwarf;
				ENABLE_STRICT_OBJC_MSGSEND = YES;
				ENABLE_TESTABILITY = YES;
				GCC_C_LANGUAGE_STANDARD = gnu11;
				GCC_DYNAMIC_NO_PIC = NO;
				GCC_NO_COMMON_BLOCKS = YES;
				GCC_OPTIMIZATION_LEVEL = 0;
				GCC_PREPROCESSOR_DEFINITIONS = (
					"DEBUG=1",
					"$(inherited)",
				);
				GCC_WARN_64_TO_32_BIT_CONVERSION = YES;
				GCC_WARN_ABOUT_RETURN_TYPE = YES_ERROR;
				GCC_WARN_UNDECLARED_SELECTOR = YES;
				GCC_WARN_UNINITIALIZED_AUTOS = YES_AGGRESSIVE;
				GCC_WARN_UNUSED_FUNCTION = YES;
				GCC_WARN_UNUSED_VARIABLE = YES;
				IPHONEOS_DEPLOYMENT_TARGET = 13.0;
				MTL_ENABLE_DEBUG_INFO = INCLUDE_SOURCE;
				MTL_FAST_MATH = YES;
				ONLY_ACTIVE_ARCH = YES;
				SDKROOT = iphoneos;
			};
			name = Debug;
		};
		67F2A1542373E4D900D39BD4 /* Release */ = {
			isa = XCBuildConfiguration;
			buildSettings = {
				ALWAYS_SEARCH_USER_PATHS = NO;
				CLANG_ANALYZER_NONNULL = YES;
				CLANG_ANALYZER_NUMBER_OBJECT_CONVERSION = YES_AGGRESSIVE;
				CLANG_CXX_LANGUAGE_STANDARD = "gnu++14";
				CLANG_CXX_LIBRARY = "libc++";
				CLANG_ENABLE_MODULES = YES;
				CLANG_ENABLE_OBJC_ARC = YES;
				CLANG_ENABLE_OBJC_WEAK = YES;
				CLANG_WARN_BLOCK_CAPTURE_AUTORELEASING = YES;
				CLANG_WARN_BOOL_CONVERSION = YES;
				CLANG_WARN_COMMA = YES;
				CLANG_WARN_CONSTANT_CONVERSION = YES;
				CLANG_WARN_DEPRECATED_OBJC_IMPLEMENTATIONS = YES;
				CLANG_WARN_DIRECT_OBJC_ISA_USAGE = YES_ERROR;
				CLANG_WARN_DOCUMENTATION_COMMENTS = YES;
				CLANG_WARN_EMPTY_BODY = YES;
				CLANG_WARN_ENUM_CONVERSION = YES;
				CLANG_WARN_INFINITE_RECURSION = YES;
				CLANG_WARN_INT_CONVERSION = YES;
				CLANG_WARN_NON_LITERAL_NULL_CONVERSION = YES;
				CLANG_WARN_OBJC_IMPLICIT_RETAIN_SELF = YES;
				CLANG_WARN_OBJC_LITERAL_CONVERSION = YES;
				CLANG_WARN_OBJC_ROOT_CLASS = YES_ERROR;
				CLANG_WARN_RANGE_LOOP_ANALYSIS = YES;
				CLANG_WARN_STRICT_PROTOTYPES = YES;
				CLANG_WARN_SUSPICIOUS_MOVE = YES;
				CLANG_WARN_UNGUARDED_AVAILABILITY = YES_AGGRESSIVE;
				CLANG_WARN_UNREACHABLE_CODE = YES;
				CLANG_WARN__DUPLICATE_METHOD_MATCH = YES;
				COPY_PHASE_STRIP = NO;
				DEBUG_INFORMATION_FORMAT = "dwarf-with-dsym";
				ENABLE_NS_ASSERTIONS = NO;
				ENABLE_STRICT_OBJC_MSGSEND = YES;
				GCC_C_LANGUAGE_STANDARD = gnu11;
				GCC_NO_COMMON_BLOCKS = YES;
				GCC_WARN_64_TO_32_BIT_CONVERSION = YES;
				GCC_WARN_ABOUT_RETURN_TYPE = YES_ERROR;
				GCC_WARN_UNDECLARED_SELECTOR = YES;
				GCC_WARN_UNINITIALIZED_AUTOS = YES_AGGRESSIVE;
				GCC_WARN_UNUSED_FUNCTION = YES;
				GCC_WARN_UNUSED_VARIABLE = YES;
				IPHONEOS_DEPLOYMENT_TARGET = 13.0;
				MTL_ENABLE_DEBUG_INFO = NO;
				MTL_FAST_MATH = YES;
				SDKROOT = iphoneos;
				VALIDATE_PRODUCT = YES;
			};
			name = Release;
		};
		67F2A1562373E4D900D39BD4 /* Debug */ = {
			isa = XCBuildConfiguration;
			baseConfigurationReference = B63DB2A6C347AA7EFB322214 /* Pods-MyFMDBDemo.debug.xcconfig */;
			buildSettings = {
				ASSETCATALOG_COMPILER_APPICON_NAME = AppIcon;
				CODE_SIGN_STYLE = Automatic;
				DEVELOPMENT_TEAM = EDA8EGULN6;
				ENABLE_BITCODE = NO;
				GCC_PRECOMPILE_PREFIX_HEADER = YES;
				GCC_PREFIX_HEADER = MyFMDBDemo/MyFMDBDemo_PrefixHeader.pch;
				INFOPLIST_FILE = MyFMDBDemo/Info.plist;
				LD_RUNPATH_SEARCH_PATHS = (
					"$(inherited)",
					"@executable_path/Frameworks",
				);
				PRODUCT_BUNDLE_IDENTIFIER = com.jointsky.MyFMDBDemo;
				PRODUCT_NAME = "$(TARGET_NAME)";
				TARGETED_DEVICE_FAMILY = "1,2";
			};
			name = Debug;
		};
		67F2A1572373E4D900D39BD4 /* Release */ = {
			isa = XCBuildConfiguration;
			baseConfigurationReference = 61CCE60754882240376D4138 /* Pods-MyFMDBDemo.release.xcconfig */;
			buildSettings = {
				ASSETCATALOG_COMPILER_APPICON_NAME = AppIcon;
				CODE_SIGN_STYLE = Automatic;
				DEVELOPMENT_TEAM = EDA8EGULN6;
				ENABLE_BITCODE = NO;
				GCC_PRECOMPILE_PREFIX_HEADER = YES;
				GCC_PREFIX_HEADER = MyFMDBDemo/MyFMDBDemo_PrefixHeader.pch;
				INFOPLIST_FILE = MyFMDBDemo/Info.plist;
				LD_RUNPATH_SEARCH_PATHS = (
					"$(inherited)",
					"@executable_path/Frameworks",
				);
				PRODUCT_BUNDLE_IDENTIFIER = com.jointsky.MyFMDBDemo;
				PRODUCT_NAME = "$(TARGET_NAME)";
				TARGETED_DEVICE_FAMILY = "1,2";
			};
			name = Release;
		};
		67F2A1592373E4D900D39BD4 /* Debug */ = {
			isa = XCBuildConfiguration;
			baseConfigurationReference = 34C9A9D354407366AE223A2D /* Pods-MyFMDBDemoTests.debug.xcconfig */;
			buildSettings = {
				BUNDLE_LOADER = "$(TEST_HOST)";
				CODE_SIGN_STYLE = Automatic;
				DEVELOPMENT_TEAM = EDA8EGULN6;
				INFOPLIST_FILE = MyFMDBDemoTests/Info.plist;
				IPHONEOS_DEPLOYMENT_TARGET = 13.2;
				LD_RUNPATH_SEARCH_PATHS = (
					"$(inherited)",
					"@executable_path/Frameworks",
					"@loader_path/Frameworks",
				);
				PRODUCT_BUNDLE_IDENTIFIER = com.jointsky.MyFMDBDemoTests;
				PRODUCT_NAME = "$(TARGET_NAME)";
				TARGETED_DEVICE_FAMILY = "1,2";
				TEST_HOST = "$(BUILT_PRODUCTS_DIR)/MyFMDBDemo.app/MyFMDBDemo";
			};
			name = Debug;
		};
		67F2A15A2373E4D900D39BD4 /* Release */ = {
			isa = XCBuildConfiguration;
			baseConfigurationReference = A31A69D62AFC1BC82C23250F /* Pods-MyFMDBDemoTests.release.xcconfig */;
			buildSettings = {
				BUNDLE_LOADER = "$(TEST_HOST)";
				CODE_SIGN_STYLE = Automatic;
				DEVELOPMENT_TEAM = EDA8EGULN6;
				INFOPLIST_FILE = MyFMDBDemoTests/Info.plist;
				IPHONEOS_DEPLOYMENT_TARGET = 13.2;
				LD_RUNPATH_SEARCH_PATHS = (
					"$(inherited)",
					"@executable_path/Frameworks",
					"@loader_path/Frameworks",
				);
				PRODUCT_BUNDLE_IDENTIFIER = com.jointsky.MyFMDBDemoTests;
				PRODUCT_NAME = "$(TARGET_NAME)";
				TARGETED_DEVICE_FAMILY = "1,2";
				TEST_HOST = "$(BUILT_PRODUCTS_DIR)/MyFMDBDemo.app/MyFMDBDemo";
			};
			name = Release;
		};
		67F2A15C2373E4D900D39BD4 /* Debug */ = {
			isa = XCBuildConfiguration;
			baseConfigurationReference = C1346BF5FF8D3BD730934D8A /* Pods-MyFMDBDemoUITests.debug.xcconfig */;
			buildSettings = {
				CODE_SIGN_STYLE = Automatic;
				DEVELOPMENT_TEAM = EDA8EGULN6;
				INFOPLIST_FILE = MyFMDBDemoUITests/Info.plist;
				LD_RUNPATH_SEARCH_PATHS = (
					"$(inherited)",
					"@executable_path/Frameworks",
					"@loader_path/Frameworks",
				);
				PRODUCT_BUNDLE_IDENTIFIER = com.jointsky.MyFMDBDemoUITests;
				PRODUCT_NAME = "$(TARGET_NAME)";
				TARGETED_DEVICE_FAMILY = "1,2";
				TEST_TARGET_NAME = MyFMDBDemo;
			};
			name = Debug;
		};
		67F2A15D2373E4D900D39BD4 /* Release */ = {
			isa = XCBuildConfiguration;
			baseConfigurationReference = B321D6F84C9E9CD80C92B494 /* Pods-MyFMDBDemoUITests.release.xcconfig */;
			buildSettings = {
				CODE_SIGN_STYLE = Automatic;
				DEVELOPMENT_TEAM = EDA8EGULN6;
				INFOPLIST_FILE = MyFMDBDemoUITests/Info.plist;
				LD_RUNPATH_SEARCH_PATHS = (
					"$(inherited)",
					"@executable_path/Frameworks",
					"@loader_path/Frameworks",
				);
				PRODUCT_BUNDLE_IDENTIFIER = com.jointsky.MyFMDBDemoUITests;
				PRODUCT_NAME = "$(TARGET_NAME)";
				TARGETED_DEVICE_FAMILY = "1,2";
				TEST_TARGET_NAME = MyFMDBDemo;
			};
			name = Release;
		};
/* End XCBuildConfiguration section */

/* Begin XCConfigurationList section */
		67F2A1212373E4D700D39BD4 /* Build configuration list for PBXProject "MyFMDBDemo" */ = {
			isa = XCConfigurationList;
			buildConfigurations = (
				67F2A1532373E4D900D39BD4 /* Debug */,
				67F2A1542373E4D900D39BD4 /* Release */,
			);
			defaultConfigurationIsVisible = 0;
			defaultConfigurationName = Release;
		};
		67F2A1552373E4D900D39BD4 /* Build configuration list for PBXNativeTarget "MyFMDBDemo" */ = {
			isa = XCConfigurationList;
			buildConfigurations = (
				67F2A1562373E4D900D39BD4 /* Debug */,
				67F2A1572373E4D900D39BD4 /* Release */,
			);
			defaultConfigurationIsVisible = 0;
			defaultConfigurationName = Release;
		};
		67F2A1582373E4D900D39BD4 /* Build configuration list for PBXNativeTarget "MyFMDBDemoTests" */ = {
			isa = XCConfigurationList;
			buildConfigurations = (
				67F2A1592373E4D900D39BD4 /* Debug */,
				67F2A15A2373E4D900D39BD4 /* Release */,
			);
			defaultConfigurationIsVisible = 0;
			defaultConfigurationName = Release;
		};
		67F2A15B2373E4D900D39BD4 /* Build configuration list for PBXNativeTarget "MyFMDBDemoUITests" */ = {
			isa = XCConfigurationList;
			buildConfigurations = (
				67F2A15C2373E4D900D39BD4 /* Debug */,
				67F2A15D2373E4D900D39BD4 /* Release */,
			);
			defaultConfigurationIsVisible = 0;
			defaultConfigurationName = Release;
		};
/* End XCConfigurationList section */
	};
	rootObject = 67F2A11E2373E4D700D39BD4 /* Project object */;
}
